{
  "version": 4,
  "terraform_version": "1.2.7",
  "serial": 296,
  "lineage": "18dc3de0-ccf6-6218-ad41-d9d5466c3f6a",
  "outputs": {
    "instance_ip": {
      "value": "44.193.219.36",
      "type": "string"
    }
  },
  "resources": [
    {
      "mode": "managed",
      "type": "aws_instance",
      "name": "pkd_ec2",
      "provider": "provider[\"registry.terraform.io/hashicorp/aws\"]",
      "instances": [
        {
          "schema_version": 1,
          "attributes": {
            "ami": "ami-05548f9cecf47b442",
            "arn": "arn:aws:ec2:us-east-1:553749655756:instance/i-00766681a55952759",
            "associate_public_ip_address": true,
            "availability_zone": "us-east-1a",
            "capacity_reservation_specification": [
              {
                "capacity_reservation_preference": "open",
                "capacity_reservation_target": []
              }
            ],
            "cpu_core_count": 1,
            "cpu_options": [
              {
                "amd_sev_snp": "",
                "core_count": 1,
                "threads_per_core": 1
              }
            ],
            "cpu_threads_per_core": 1,
            "credit_specification": [
              {
                "cpu_credits": "standard"
              }
            ],
            "disable_api_stop": false,
            "disable_api_termination": false,
            "ebs_block_device": [],
            "ebs_optimized": false,
            "enclave_options": [
              {
                "enabled": false
              }
            ],
            "ephemeral_block_device": [],
            "get_password_data": false,
            "hibernation": false,
            "host_id": "",
            "host_resource_group_arn": null,
            "iam_instance_profile": "",
            "id": "i-00766681a55952759",
            "instance_initiated_shutdown_behavior": "stop",
            "instance_lifecycle": "",
            "instance_market_options": [],
            "instance_state": "running",
            "instance_type": "t2.micro",
            "ipv6_address_count": 0,
            "ipv6_addresses": [],
            "key_name": "CastleKeys",
            "launch_template": [],
            "maintenance_options": [
              {
                "auto_recovery": "default"
              }
            ],
            "metadata_options": [
              {
                "http_endpoint": "enabled",
                "http_put_response_hop_limit": 2,
                "http_tokens": "required",
                "instance_metadata_tags": "disabled"
              }
            ],
            "monitoring": false,
            "network_interface": [],
            "outpost_arn": "",
            "password_data": "",
            "placement_group": "",
            "placement_partition_number": 0,
            "primary_network_interface_id": "eni-074610e483729f899",
            "private_dns": "ip-10-123-1-190.ec2.internal",
            "private_dns_name_options": [
              {
                "enable_resource_name_dns_a_record": false,
                "enable_resource_name_dns_aaaa_record": false,
                "hostname_type": "ip-name"
              }
            ],
            "private_ip": "10.123.1.190",
            "public_dns": "ec2-44-193-219-36.compute-1.amazonaws.com",
            "public_ip": "44.193.219.36",
            "root_block_device": [
              {
                "delete_on_termination": true,
                "device_name": "/dev/xvda",
                "encrypted": false,
                "iops": 3000,
                "kms_key_id": "",
                "tags": {},
                "throughput": 125,
                "volume_id": "vol-0e52ec99bebd4d135",
                "volume_size": 8,
                "volume_type": "gp3"
              }
            ],
            "secondary_private_ips": [],
            "security_groups": [],
            "source_dest_check": true,
            "spot_instance_request_id": "",
            "subnet_id": "subnet-0ed2ed10a337623af",
            "tags": {
              "name": "PyKubeDeploy"
            },
            "tags_all": {
              "name": "PyKubeDeploy"
            },
            "tenancy": "default",
            "timeouts": null,
            "user_data": "3797830518c7165ba5ec7b69ee365c0a855dc752",
            "user_data_base64": null,
            "user_data_replace_on_change": false,
            "volume_tags": null,
            "vpc_security_group_ids": [
              "sg-08b6fecc9fde31932"
            ]
          },
          "sensitive_attributes": [],
          "private": "eyJlMmJmYjczMC1lY2FhLTExZTYtOGY4OC0zNDM2M2JjN2M0YzAiOnsiY3JlYXRlIjo2MDAwMDAwMDAwMDAsImRlbGV0ZSI6MTIwMDAwMDAwMDAwMCwidXBkYXRlIjo2MDAwMDAwMDAwMDB9LCJzY2hlbWFfdmVyc2lvbiI6IjEifQ=="
        }
      ]
    },
    {
      "mode": "managed",
      "type": "aws_key_pair",
      "name": "CastleKeys",
      "provider": "provider[\"registry.terraform.io/hashicorp/aws\"]",
      "instances": [
        {
          "schema_version": 1,
          "attributes": {
            "arn": "arn:aws:ec2:us-east-1:553749655756:key-pair/CastleKeys",
            "fingerprint": "42:5f:d4:2c:dd:55:f2:b8:6a:48:4c:84:72:01:64:55",
            "id": "CastleKeys",
            "key_name": "CastleKeys",
            "key_name_prefix": "",
            "key_pair_id": "key-0c6e31e80c27ca873",
            "key_type": "rsa",
            "public_key": "ssh-rsa AAAAB3NzaC1yc2EAAAADAQABAAACAQC55TfFCkQ0Ia/j/Q/u2KlKMvP24vdOPrH0pa1xlYzbFwFcBdMfsqLNtoZeNrRSy06Z0IoLDF9bl14Ueo58d5vt34RdC0ZpUqDftz5yjUkow6dR5KalRtmiURgguaNOmE3XtJoR1SdxrP26jrREQuJYyVYYLGT4qplucIePaQzSj2oxhzlkPwOq6qLe0SBAnRVC+c37AByVVuGChdhP28gKy4PrBPjeCXibCXqFStAXxvFlNTjlOTr6gRpuWWEJtxUL5+aJBP5Z/r/cxnHbButyLRFCmVLmT8Ni6PdSjw6V69fdFuP00mdbs6gveUrW05oOPe/omkd4Tp74KxJrIHzH5FJHXhPUn3C/bQOwD538QJO7lt6fyiav+R+jk3OoZdEO20CffQMSUd5NIuX0zOSkfrzwnkwSP7vv4H4riCWhn6F67J54UNn6H/qq5gTkFkPnmR20F+rEy6lg9hLfJsDSLlVubVCZPoXOFDVx8bkyKhd14JRybgBWklC9KBWmM+gcLw6NlYjcFncKGBh+VVSHB2AzSoJ6Mcr4zy2EFX4bI4lfTnguF8p6aWa2dCVpn7LAgZk1d0uSPCjYQ4JBGU5Pa7cVnQE5lj0jtud0XRumNGcbf1fcyungtaWUDgq1hdoHoOi7f+gwFKXRuSwt8xiV/qw4VCING2luTaF9XITMLQ== robertrosario@Roberts-Mac-mini.local",
            "tags": null,
            "tags_all": {}
          },
          "sensitive_attributes": [],
          "private": "eyJzY2hlbWFfdmVyc2lvbiI6IjEifQ=="
        }
      ]
    },
    {
      "mode": "managed",
      "type": "aws_security_group_rule",
      "name": "allow_inbound",
      "provider": "provider[\"registry.terraform.io/hashicorp/aws\"]",
      "instances": [
        {
          "schema_version": 2,
          "attributes": {
            "cidr_blocks": [
              "0.0.0.0/0"
            ],
            "description": null,
            "from_port": 22,
            "id": "sgrule-3124914328",
            "ipv6_cidr_blocks": null,
            "prefix_list_ids": null,
            "protocol": "tcp",
            "security_group_id": "sg-08b6fecc9fde31932",
            "security_group_rule_id": "sgr-0e93fb3f4b9e24739",
            "self": false,
            "source_security_group_id": null,
            "timeouts": null,
            "to_port": 22,
            "type": "ingress"
          },
          "sensitive_attributes": [],
          "private": "eyJlMmJmYjczMC1lY2FhLTExZTYtOGY4OC0zNDM2M2JjN2M0YzAiOnsiY3JlYXRlIjozMDAwMDAwMDAwMDB9LCJzY2hlbWFfdmVyc2lvbiI6IjIifQ=="
        }
      ]
    },
    {
      "mode": "managed",
      "type": "aws_security_group_rule",
      "name": "allow_inbound_5000",
      "provider": "provider[\"registry.terraform.io/hashicorp/aws\"]",
      "instances": [
        {
          "schema_version": 2,
          "attributes": {
            "cidr_blocks": [
              "0.0.0.0/0"
            ],
            "description": null,
            "from_port": 5000,
            "id": "sgrule-354823565",
            "ipv6_cidr_blocks": null,
            "prefix_list_ids": null,
            "protocol": "tcp",
            "security_group_id": "sg-08b6fecc9fde31932",
            "security_group_rule_id": "sgr-0cb55ec389e3b95d3",
            "self": false,
            "source_security_group_id": null,
            "timeouts": null,
            "to_port": 5000,
            "type": "ingress"
          },
          "sensitive_attributes": [],
          "private": "eyJlMmJmYjczMC1lY2FhLTExZTYtOGY4OC0zNDM2M2JjN2M0YzAiOnsiY3JlYXRlIjozMDAwMDAwMDAwMDB9LCJzY2hlbWFfdmVyc2lvbiI6IjIifQ=="
        }
      ]
    }
  ]
}
